
Microsoft Visual Studio Solution File, Format Version 12.00
# Visual Studio Version 18
VisualStudioVersion = 18.5.11626.173
MinimumVisualStudioVersion = 10.0.40219.1
Project("{FAE04EC0-301F-11D3-BF4B-00C04F79EFBC}") = "dCMS.Core", "dCMS.Core\dCMS.Core.csproj", "{AF3134DB-C9AD-4B9C-A19D-6F1D548CAFA8}"
EndProject
Project("{FAE04EC0-301F-11D3-BF4B-00C04F79EFBC}") = "dCMS.AspNetCore.Auth", "dCMS.AspNetCore.Auth\dCMS.AspNetCore.Auth.csproj", "{B8F4E2D1-7C3A-4F01-9E88-1A2B3C4D5E6F}"
EndProject
Project("{FAE04EC0-301F-11D3-BF4B-00C04F79EFBC}") = "dCMS.Infrastructure", "dCMS.Infrastructure\dCMS.Infrastructure.csproj", "{E42FFA65-BA73-4833-A3B2-890EAF16F28F}"
EndProject
Project("{FAE04EC0-301F-11D3-BF4B-00C04F79EFBC}") = "dCMS.Tests", "dCMS.Tests\dCMS.Tests.csproj", "{89DF4A59-A31E-47CB-AB39-2E37DE4E1400}"
EndProject
Project("{FAE04EC0-301F-11D3-BF4B-00C04F79EFBC}") = "dCMS.Catalog.Api", "dCMS.Catalog.Api\dCMS.Catalog.Api.csproj", "{3996E488-ED48-419E-AE2C-5A1929340274}"
EndProject
Project("{FAE04EC0-301F-11D3-BF4B-00C04F79EFBC}") = "dCMS.Inventory.Core", "dCMS.Inventory.Core\dCMS.Inventory.Core.csproj", "{719E97B8-C19B-4DF7-9E3A-21EB4884BDCA}"
EndProject
Project("{FAE04EC0-301F-11D3-BF4B-00C04F79EFBC}") = "dCMS.Inventory.Infrastructure", "dCMS.Inventory.Infrastructure\dCMS.Inventory.Infrastructure.csproj", "{04E759BD-4AD4-4F59-A2B8-0FBF8EAD5851}"
EndProject
Project("{FAE04EC0-301F-11D3-BF4B-00C04F79EFBC}") = "dCMS.Inventory.Api", "dCMS.Inventory.Api\dCMS.Inventory.Api.csproj", "{53EB858E-C462-4A44-B58B-377F18969EEB}"
EndProject
Project("{FAE04EC0-301F-11D3-BF4B-00C04F79EFBC}") = "dCMS.Catalog.Worker", "dCMS.Catalog.Worker\dCMS.Catalog.Worker.csproj", "{FD602C9A-C98D-46BA-9E31-703685745F69}"
EndProject
Project("{FAE04EC0-301F-11D3-BF4B-00C04F79EFBC}") = "dCMS.Web", "dCMS.Web\dCMS.Web.csproj", "{1B4799E6-216D-4971-9A93-AFF92C8074E9}"
EndProject
Project("{FAE04EC0-301F-11D3-BF4B-00C04F79EFBC}") = "dCMS.Order.Api", "dCMS.Order.Api\dCMS.Order.Api.csproj", "{8C251C63-E114-487A-B8CA-B32B0FAD8403}"
EndProject
Project("{FAE04EC0-301F-11D3-BF4B-00C04F79EFBC}") = "dCMS.Payment.Api", "dCMS.Payment.Api\dCMS.Payment.Api.csproj", "{C994B119-454D-4332-8C50-1785B6CA385B}"
EndProject
Project("{FAE04EC0-301F-11D3-BF4B-00C04F79EFBC}") = "dCMS.Order.Core", "dCMS.Order.Core\dCMS.Order.Core.csproj", "{50877506-0C24-49F7-AAD6-826919E9B66F}"
EndProject
Project("{FAE04EC0-301F-11D3-BF4B-00C04F79EFBC}") = "dCMS.Order.Infrastructure", "dCMS.Order.Infrastructure\dCMS.Order.Infrastructure.csproj", "{5B47D5C6-7B2B-4258-8283-036C9C6FCB87}"
EndProject
Project("{FAE04EC0-301F-11D3-BF4B-00C04F79EFBC}") = "dCMS.Order.Tests", "dCMS.Order.Tests\dCMS.Order.Tests.csproj", "{2654D58B-E493-401C-B2CC-352ED998D6BD}"
EndProject
Project("{FAE04EC0-301F-11D3-BF4B-00C04F79EFBC}") = "dCMS.Payment.Core", "dCMS.Payment.Core\dCMS.Payment.Core.csproj", "{D1465B71-5CD8-4B90-98BC-C7D4C64B4375}"
EndProject
Project("{FAE04EC0-301F-11D3-BF4B-00C04F79EFBC}") = "dCMS.Payment.Infrastructure", "dCMS.Payment.Infrastructure\dCMS.Payment.Infrastructure.csproj", "{2A163DFD-DA59-4DE8-9001-B0B352CF963A}"
EndProject
Project("{FAE04EC0-301F-11D3-BF4B-00C04F79EFBC}") = "dCMS.Payment.Tests", "dCMS.Payment.Tests\dCMS.Payment.Tests.csproj", "{2122F55B-9B75-4329-A4A3-146AA10A1D56}"
EndProject
Project("{FAE04EC0-301F-11D3-BF4B-00C04F79EFBC}") = "dCMS.Messaging.Contracts", "dCMS.Messaging.Contracts\dCMS.Messaging.Contracts.csproj", "{BCCEBFA9-221A-4C4F-AD38-E5DF31B3DA68}"
EndProject
Project("{FAE04EC0-301F-11D3-BF4B-00C04F79EFBC}") = "dCMS.Gateway", "dCMS.Gateway\dCMS.Gateway.csproj", "{484DB5A9-CC25-41EA-B78E-9859D35291C8}"
EndProject
Project("{FAE04EC0-301F-11D3-BF4B-00C04F79EFBC}") = "dCMS.Promotions.Api", "dCMS.Promotions.Api\dCMS.Promotions.Api.csproj", "{B45A8A5E-48F8-4409-8A32-10487F9B10E5}"
EndProject
Project("{FAE04EC0-301F-11D3-BF4B-00C04F79EFBC}") = "dCMS.Fulfillment.Api", "dCMS.Fulfillment.Api\dCMS.Fulfillment.Api.csproj", "{E8F7A6B5-4C3D-2E1F-0A9B-8C7D6E5F4A3B}"
EndProject
Project("{FAE04EC0-301F-11D3-BF4B-00C04F79EFBC}") = "dCMS.Promotions.Contracts", "dCMS.Promotions.Contracts\dCMS.Promotions.Contracts.csproj", "{5223D7E2-C08E-4A2B-9EE1-F600CC6D43BE}"
EndProject
Project("{FAE04EC0-301F-11D3-BF4B-00C04F79EFBC}") = "dCMS.Analyzers", "dCMS.Analyzers\dCMS.Analyzers.csproj", "{943B6807-2492-4F50-9B7B-E854B87EA9FE}"
EndProject
Project("{FAE04EC0-301F-11D3-BF4B-00C04F79EFBC}") = "dCMS.Reports.Worker", "dCMS.Reports.Worker\dCMS.Reports.Worker.csproj", "{1ADF6862-E2DF-4A81-A5D5-AAE7DD194272}"
EndProject
Project("{2150E333-8FDC-42A3-9474-1A3956D46DE8}") = "tools", "tools", "{07C2787E-EAC7-C090-1BA3-A61EC2A24D84}"
EndProject
Project("{FAE04EC0-301F-11D3-BF4B-00C04F79EFBC}") = "BackfillAnalytics", "tools\BackfillAnalytics\BackfillAnalytics.csproj", "{68C0CF92-CDFF-4125-B94A-46CFDF6DB4ED}"
EndProject
Project("{FAE04EC0-301F-11D3-BF4B-00C04F79EFBC}") = "dCMS.Reports.Api", "dCMS.Reports.Api\dCMS.Reports.Api.csproj", "{E825AC1F-DBFC-417B-A1F3-9AA6BF499821}"
EndProject
Project("{FAE04EC0-301F-11D3-BF4B-00C04F79EFBC}") = "dCMS.Notification.Api", "dCMS.Notification.Api\dCMS.Notification.Api.csproj", "{20D16EC0-269F-4911-B552-DECEB20E3C0E}"
EndProject
Project("{FAE04EC0-301F-11D3-BF4B-00C04F79EFBC}") = "SpawnTenant", "tools\SpawnTenant\SpawnTenant.csproj", "{D3B94255-1547-42B1-A9A4-E0BFA3B5D2B0}"
EndProject
Project("{FAE04EC0-301F-11D3-BF4B-00C04F79EFBC}") = "dCMS.Notification.Worker", "dCMS.Notification.Worker\dCMS.Notification.Worker.csproj", "{E67C8A18-716E-46C2-B0BB-4AD35452AA22}"
EndProject
Project("{FAE04EC0-301F-11D3-BF4B-00C04F79EFBC}") = "dCMS.Approval.Api", "dCMS.Approval.Api\dCMS.Approval.Api.csproj", "{43F316E6-94CE-460E-9312-30811251FAFC}"
EndProject
Project("{FAE04EC0-301F-11D3-BF4B-00C04F79EFBC}") = "dCMS.Voucher.Api", "dCMS.Voucher.Api\dCMS.Voucher.Api.csproj", "{1C2E3F40-A5B6-47C8-D9E0-1F2A3B4C5D6E}"
EndProject
Project("{FAE04EC0-301F-11D3-BF4B-00C04F79EFBC}") = "dCMS.Loyalty.Api", "dCMS.Loyalty.Api\dCMS.Loyalty.Api.csproj", "{2D3E4F50-B6C7-48D9-EA01-2F3A4B5C6D7E}"
EndProject
Global
	GlobalSection(SolutionConfigurationPlatforms) = preSolution
		Debug|Any CPU = Debug|Any CPU
		Debug|x64 = Debug|x64
		Debug|x86 = Debug|x86
		Release|Any CPU = Release|Any CPU
		Release|x64 = Release|x64
		Release|x86 = Release|x86
	EndGlobalSection
	GlobalSection(ProjectConfigurationPlatforms) = postSolution
		{AF3134DB-C9AD-4B9C-A19D-6F1D548CAFA8}.Debug|Any CPU.ActiveCfg = Debug|Any CPU
		{AF3134DB-C9AD-4B9C-A19D-6F1D548CAFA8}.Debug|Any CPU.Build.0 = Debug|Any CPU
		{AF3134DB-C9AD-4B9C-A19D-6F1D548CAFA8}.Debug|x64.ActiveCfg = Debug|Any CPU
		{AF3134DB-C9AD-4B9C-A19D-6F1D548CAFA8}.Debug|x64.Build.0 = Debug|Any CPU
		{AF3134DB-C9AD-4B9C-A19D-6F1D548CAFA8}.Debug|x86.ActiveCfg = Debug|Any CPU
		{AF3134DB-C9AD-4B9C-A19D-6F1D548CAFA8}.Debug|x86.Build.0 = Debug|Any CPU
		{AF3134DB-C9AD-4B9C-A19D-6F1D548CAFA8}.Release|Any CPU.ActiveCfg = Release|Any CPU
		{AF3134DB-C9AD-4B9C-A19D-6F1D548CAFA8}.Release|Any CPU.Build.0 = Release|Any CPU
		{AF3134DB-C9AD-4B9C-A19D-6F1D548CAFA8}.Release|x64.ActiveCfg = Release|Any CPU
		{AF3134DB-C9AD-4B9C-A19D-6F1D548CAFA8}.Release|x64.Build.0 = Release|Any CPU
		{AF3134DB-C9AD-4B9C-A19D-6F1D548CAFA8}.Release|x86.ActiveCfg = Release|Any CPU
		{AF3134DB-C9AD-4B9C-A19D-6F1D548CAFA8}.Release|x86.Build.0 = Release|Any CPU
		{B8F4E2D1-7C3A-4F01-9E88-1A2B3C4D5E6F}.Debug|Any CPU.ActiveCfg = Debug|Any CPU
		{B8F4E2D1-7C3A-4F01-9E88-1A2B3C4D5E6F}.Debug|Any CPU.Build.0 = Debug|Any CPU
		{B8F4E2D1-7C3A-4F01-9E88-1A2B3C4D5E6F}.Debug|x64.ActiveCfg = Debug|Any CPU
		{B8F4E2D1-7C3A-4F01-9E88-1A2B3C4D5E6F}.Debug|x64.Build.0 = Debug|Any CPU
		{B8F4E2D1-7C3A-4F01-9E88-1A2B3C4D5E6F}.Debug|x86.ActiveCfg = Debug|Any CPU
		{B8F4E2D1-7C3A-4F01-9E88-1A2B3C4D5E6F}.Debug|x86.Build.0 = Debug|Any CPU
		{B8F4E2D1-7C3A-4F01-9E88-1A2B3C4D5E6F}.Release|Any CPU.ActiveCfg = Release|Any CPU
		{B8F4E2D1-7C3A-4F01-9E88-1A2B3C4D5E6F}.Release|Any CPU.Build.0 = Release|Any CPU
		{B8F4E2D1-7C3A-4F01-9E88-1A2B3C4D5E6F}.Release|x64.ActiveCfg = Release|Any CPU
		{B8F4E2D1-7C3A-4F01-9E88-1A2B3C4D5E6F}.Release|x64.Build.0 = Release|Any CPU
		{B8F4E2D1-7C3A-4F01-9E88-1A2B3C4D5E6F}.Release|x86.ActiveCfg = Release|Any CPU
		{B8F4E2D1-7C3A-4F01-9E88-1A2B3C4D5E6F}.Release|x86.Build.0 = Release|Any CPU
		{E42FFA65-BA73-4833-A3B2-890EAF16F28F}.Debug|Any CPU.ActiveCfg = Debug|Any CPU
		{E42FFA65-BA73-4833-A3B2-890EAF16F28F}.Debug|Any CPU.Build.0 = Debug|Any CPU
		{E42FFA65-BA73-4833-A3B2-890EAF16F28F}.Debug|x64.ActiveCfg = Debug|Any CPU
		{E42FFA65-BA73-4833-A3B2-890EAF16F28F}.Debug|x64.Build.0 = Debug|Any CPU
		{E42FFA65-BA73-4833-A3B2-890EAF16F28F}.Debug|x86.ActiveCfg = Debug|Any CPU
		{E42FFA65-BA73-4833-A3B2-890EAF16F28F}.Debug|x86.Build.0 = Debug|Any CPU
		{E42FFA65-BA73-4833-A3B2-890EAF16F28F}.Release|Any CPU.ActiveCfg = Release|Any CPU
		{E42FFA65-BA73-4833-A3B2-890EAF16F28F}.Release|Any CPU.Build.0 = Release|Any CPU
		{E42FFA65-BA73-4833-A3B2-890EAF16F28F}.Release|x64.ActiveCfg = Release|Any CPU
		{E42FFA65-BA73-4833-A3B2-890EAF16F28F}.Release|x64.Build.0 = Release|Any CPU
		{E42FFA65-BA73-4833-A3B2-890EAF16F28F}.Release|x86.ActiveCfg = Release|Any CPU
		{E42FFA65-BA73-4833-A3B2-890EAF16F28F}.Release|x86.Build.0 = Release|Any CPU
		{89DF4A59-A31E-47CB-AB39-2E37DE4E1400}.Debug|Any CPU.ActiveCfg = Debug|Any CPU
		{89DF4A59-A31E-47CB-AB39-2E37DE4E1400}.Debug|Any CPU.Build.0 = Debug|Any CPU
		{89DF4A59-A31E-47CB-AB39-2E37DE4E1400}.Debug|x64.ActiveCfg = Debug|Any CPU
		{89DF4A59-A31E-47CB-AB39-2E37DE4E1400}.Debug|x64.Build.0 = Debug|Any CPU
		{89DF4A59-A31E-47CB-AB39-2E37DE4E1400}.Debug|x86.ActiveCfg = Debug|Any CPU
		{89DF4A59-A31E-47CB-AB39-2E37DE4E1400}.Debug|x86.Build.0 = Debug|Any CPU
		{89DF4A59-A31E-47CB-AB39-2E37DE4E1400}.Release|Any CPU.ActiveCfg = Release|Any CPU
		{89DF4A59-A31E-47CB-AB39-2E37DE4E1400}.Release|Any CPU.Build.0 = Release|Any CPU
		{89DF4A59-A31E-47CB-AB39-2E37DE4E1400}.Release|x64.ActiveCfg = Release|Any CPU
		{89DF4A59-A31E-47CB-AB39-2E37DE4E1400}.Release|x64.Build.0 = Release|Any CPU
		{89DF4A59-A31E-47CB-AB39-2E37DE4E1400}.Release|x86.ActiveCfg = Release|Any CPU
		{89DF4A59-A31E-47CB-AB39-2E37DE4E1400}.Release|x86.Build.0 = Release|Any CPU
		{3996E488-ED48-419E-AE2C-5A1929340274}.Debug|Any CPU.ActiveCfg = Debug|Any CPU
		{3996E488-ED48-419E-AE2C-5A1929340274}.Debug|Any CPU.Build.0 = Debug|Any CPU
		{3996E488-ED48-419E-AE2C-5A1929340274}.Debug|x64.ActiveCfg = Debug|Any CPU
		{3996E488-ED48-419E-AE2C-5A1929340274}.Debug|x64.Build.0 = Debug|Any CPU
		{3996E488-ED48-419E-AE2C-5A1929340274}.Debug|x86.ActiveCfg = Debug|Any CPU
		{3996E488-ED48-419E-AE2C-5A1929340274}.Debug|x86.Build.0 = Debug|Any CPU
		{3996E488-ED48-419E-AE2C-5A1929340274}.Release|Any CPU.ActiveCfg = Release|Any CPU
		{3996E488-ED48-419E-AE2C-5A1929340274}.Release|Any CPU.Build.0 = Release|Any CPU
		{3996E488-ED48-419E-AE2C-5A1929340274}.Release|x64.ActiveCfg = Release|Any CPU
		{3996E488-ED48-419E-AE2C-5A1929340274}.Release|x64.Build.0 = Release|Any CPU
		{3996E488-ED48-419E-AE2C-5A1929340274}.Release|x86.ActiveCfg = Release|Any CPU
		{3996E488-ED48-419E-AE2C-5A1929340274}.Release|x86.Build.0 = Release|Any CPU
		{719E97B8-C19B-4DF7-9E3A-21EB4884BDCA}.Debug|Any CPU.ActiveCfg = Debug|Any CPU
		{719E97B8-C19B-4DF7-9E3A-21EB4884BDCA}.Debug|Any CPU.Build.0 = Debug|Any CPU
		{719E97B8-C19B-4DF7-9E3A-21EB4884BDCA}.Debug|x64.ActiveCfg = Debug|Any CPU
		{719E97B8-C19B-4DF7-9E3A-21EB4884BDCA}.Debug|x64.Build.0 = Debug|Any CPU
		{719E97B8-C19B-4DF7-9E3A-21EB4884BDCA}.Debug|x86.ActiveCfg = Debug|Any CPU
		{719E97B8-C19B-4DF7-9E3A-21EB4884BDCA}.Debug|x86.Build.0 = Debug|Any CPU
		{719E97B8-C19B-4DF7-9E3A-21EB4884BDCA}.Release|Any CPU.ActiveCfg = Release|Any CPU
		{719E97B8-C19B-4DF7-9E3A-21EB4884BDCA}.Release|Any CPU.Build.0 = Release|Any CPU
		{719E97B8-C19B-4DF7-9E3A-21EB4884BDCA}.Release|x64.ActiveCfg = Release|Any CPU
		{719E97B8-C19B-4DF7-9E3A-21EB4884BDCA}.Release|x64.Build.0 = Release|Any CPU
		{719E97B8-C19B-4DF7-9E3A-21EB4884BDCA}.Release|x86.ActiveCfg = Release|Any CPU
		{719E97B8-C19B-4DF7-9E3A-21EB4884BDCA}.Release|x86.Build.0 = Release|Any CPU
		{04E759BD-4AD4-4F59-A2B8-0FBF8EAD5851}.Debug|Any CPU.ActiveCfg = Debug|Any CPU
		{04E759BD-4AD4-4F59-A2B8-0FBF8EAD5851}.Debug|Any CPU.Build.0 = Debug|Any CPU
		{04E759BD-4AD4-4F59-A2B8-0FBF8EAD5851}.Debug|x64.ActiveCfg = Debug|Any CPU
		{04E759BD-4AD4-4F59-A2B8-0FBF8EAD5851}.Debug|x64.Build.0 = Debug|Any CPU
		{04E759BD-4AD4-4F59-A2B8-0FBF8EAD5851}.Debug|x86.ActiveCfg = Debug|Any CPU
		{04E759BD-4AD4-4F59-A2B8-0FBF8EAD5851}.Debug|x86.Build.0 = Debug|Any CPU
		{04E759BD-4AD4-4F59-A2B8-0FBF8EAD5851}.Release|Any CPU.ActiveCfg = Release|Any CPU
		{04E759BD-4AD4-4F59-A2B8-0FBF8EAD5851}.Release|Any CPU.Build.0 = Release|Any CPU
		{04E759BD-4AD4-4F59-A2B8-0FBF8EAD5851}.Release|x64.ActiveCfg = Release|Any CPU
		{04E759BD-4AD4-4F59-A2B8-0FBF8EAD5851}.Release|x64.Build.0 = Release|Any CPU
		{04E759BD-4AD4-4F59-A2B8-0FBF8EAD5851}.Release|x86.ActiveCfg = Release|Any CPU
		{04E759BD-4AD4-4F59-A2B8-0FBF8EAD5851}.Release|x86.Build.0 = Release|Any CPU
		{53EB858E-C462-4A44-B58B-377F18969EEB}.Debug|Any CPU.ActiveCfg = Debug|Any CPU
		{53EB858E-C462-4A44-B58B-377F18969EEB}.Debug|Any CPU.Build.0 = Debug|Any CPU
		{53EB858E-C462-4A44-B58B-377F18969EEB}.Debug|x64.ActiveCfg = Debug|Any CPU
		{53EB858E-C462-4A44-B58B-377F18969EEB}.Debug|x64.Build.0 = Debug|Any CPU
		{53EB858E-C462-4A44-B58B-377F18969EEB}.Debug|x86.ActiveCfg = Debug|Any CPU
		{53EB858E-C462-4A44-B58B-377F18969EEB}.Debug|x86.Build.0 = Debug|Any CPU
		{53EB858E-C462-4A44-B58B-377F18969EEB}.Release|Any CPU.ActiveCfg = Release|Any CPU
		{53EB858E-C462-4A44-B58B-377F18969EEB}.Release|Any CPU.Build.0 = Release|Any CPU
		{53EB858E-C462-4A44-B58B-377F18969EEB}.Release|x64.ActiveCfg = Release|Any CPU
		{53EB858E-C462-4A44-B58B-377F18969EEB}.Release|x64.Build.0 = Release|Any CPU
		{53EB858E-C462-4A44-B58B-377F18969EEB}.Release|x86.ActiveCfg = Release|Any CPU
		{53EB858E-C462-4A44-B58B-377F18969EEB}.Release|x86.Build.0 = Release|Any CPU
		{FD602C9A-C98D-46BA-9E31-703685745F69}.Debug|Any CPU.ActiveCfg = Debug|Any CPU
		{FD602C9A-C98D-46BA-9E31-703685745F69}.Debug|Any CPU.Build.0 = Debug|Any CPU
		{FD602C9A-C98D-46BA-9E31-703685745F69}.Debug|x64.ActiveCfg = Debug|Any CPU
		{FD602C9A-C98D-46BA-9E31-703685745F69}.Debug|x64.Build.0 = Debug|Any CPU
		{FD602C9A-C98D-46BA-9E31-703685745F69}.Debug|x86.ActiveCfg = Debug|Any CPU
		{FD602C9A-C98D-46BA-9E31-703685745F69}.Debug|x86.Build.0 = Debug|Any CPU
		{FD602C9A-C98D-46BA-9E31-703685745F69}.Release|Any CPU.ActiveCfg = Release|Any CPU
		{FD602C9A-C98D-46BA-9E31-703685745F69}.Release|Any CPU.Build.0 = Release|Any CPU
		{FD602C9A-C98D-46BA-9E31-703685745F69}.Release|x64.ActiveCfg = Release|Any CPU
		{FD602C9A-C98D-46BA-9E31-703685745F69}.Release|x64.Build.0 = Release|Any CPU
		{FD602C9A-C98D-46BA-9E31-703685745F69}.Release|x86.ActiveCfg = Release|Any CPU
		{FD602C9A-C98D-46BA-9E31-703685745F69}.Release|x86.Build.0 = Release|Any CPU
		{1B4799E6-216D-4971-9A93-AFF92C8074E9}.Debug|Any CPU.ActiveCfg = Debug|Any CPU
		{1B4799E6-216D-4971-9A93-AFF92C8074E9}.Debug|Any CPU.Build.0 = Debug|Any CPU
		{1B4799E6-216D-4971-9A93-AFF92C8074E9}.Debug|x64.ActiveCfg = Debug|Any CPU
		{1B4799E6-216D-4971-9A93-AFF92C8074E9}.Debug|x64.Build.0 = Debug|Any CPU
		{1B4799E6-216D-4971-9A93-AFF92C8074E9}.Debug|x86.ActiveCfg = Debug|Any CPU
		{1B4799E6-216D-4971-9A93-AFF92C8074E9}.Debug|x86.Build.0 = Debug|Any CPU
		{1B4799E6-216D-4971-9A93-AFF92C8074E9}.Release|Any CPU.ActiveCfg = Release|Any CPU
		{1B4799E6-216D-4971-9A93-AFF92C8074E9}.Release|Any CPU.Build.0 = Release|Any CPU
		{1B4799E6-216D-4971-9A93-AFF92C8074E9}.Release|x64.ActiveCfg = Release|Any CPU
		{1B4799E6-216D-4971-9A93-AFF92C8074E9}.Release|x64.Build.0 = Release|Any CPU
		{1B4799E6-216D-4971-9A93-AFF92C8074E9}.Release|x86.ActiveCfg = Release|Any CPU
		{1B4799E6-216D-4971-9A93-AFF92C8074E9}.Release|x86.Build.0 = Release|Any CPU
		{8C251C63-E114-487A-B8CA-B32B0FAD8403}.Debug|Any CPU.ActiveCfg = Debug|Any CPU
		{8C251C63-E114-487A-B8CA-B32B0FAD8403}.Debug|Any CPU.Build.0 = Debug|Any CPU
		{8C251C63-E114-487A-B8CA-B32B0FAD8403}.Debug|x64.ActiveCfg = Debug|Any CPU
		{8C251C63-E114-487A-B8CA-B32B0FAD8403}.Debug|x64.Build.0 = Debug|Any CPU
		{8C251C63-E114-487A-B8CA-B32B0FAD8403}.Debug|x86.ActiveCfg = Debug|Any CPU
		{8C251C63-E114-487A-B8CA-B32B0FAD8403}.Debug|x86.Build.0 = Debug|Any CPU
		{8C251C63-E114-487A-B8CA-B32B0FAD8403}.Release|Any CPU.ActiveCfg = Release|Any CPU
		{8C251C63-E114-487A-B8CA-B32B0FAD8403}.Release|Any CPU.Build.0 = Release|Any CPU
		{8C251C63-E114-487A-B8CA-B32B0FAD8403}.Release|x64.ActiveCfg = Release|Any CPU
		{8C251C63-E114-487A-B8CA-B32B0FAD8403}.Release|x64.Build.0 = Release|Any CPU
		{8C251C63-E114-487A-B8CA-B32B0FAD8403}.Release|x86.ActiveCfg = Release|Any CPU
		{8C251C63-E114-487A-B8CA-B32B0FAD8403}.Release|x86.Build.0 = Release|Any CPU
		{C994B119-454D-4332-8C50-1785B6CA385B}.Debug|Any CPU.ActiveCfg = Debug|Any CPU
		{C994B119-454D-4332-8C50-1785B6CA385B}.Debug|Any CPU.Build.0 = Debug|Any CPU
		{C994B119-454D-4332-8C50-1785B6CA385B}.Debug|x64.ActiveCfg = Debug|Any CPU
		{C994B119-454D-4332-8C50-1785B6CA385B}.Debug|x64.Build.0 = Debug|Any CPU
		{C994B119-454D-4332-8C50-1785B6CA385B}.Debug|x86.ActiveCfg = Debug|Any CPU
		{C994B119-454D-4332-8C50-1785B6CA385B}.Debug|x86.Build.0 = Debug|Any CPU
		{C994B119-454D-4332-8C50-1785B6CA385B}.Release|Any CPU.ActiveCfg = Release|Any CPU
		{C994B119-454D-4332-8C50-1785B6CA385B}.Release|Any CPU.Build.0 = Release|Any CPU
		{C994B119-454D-4332-8C50-1785B6CA385B}.Release|x64.ActiveCfg = Release|Any CPU
		{C994B119-454D-4332-8C50-1785B6CA385B}.Release|x64.Build.0 = Release|Any CPU
		{C994B119-454D-4332-8C50-1785B6CA385B}.Release|x86.ActiveCfg = Release|Any CPU
		{C994B119-454D-4332-8C50-1785B6CA385B}.Release|x86.Build.0 = Release|Any CPU
		{50877506-0C24-49F7-AAD6-826919E9B66F}.Debug|Any CPU.ActiveCfg = Debug|Any CPU
		{50877506-0C24-49F7-AAD6-826919E9B66F}.Debug|Any CPU.Build.0 = Debug|Any CPU
		{50877506-0C24-49F7-AAD6-826919E9B66F}.Debug|x64.ActiveCfg = Debug|Any CPU
		{50877506-0C24-49F7-AAD6-826919E9B66F}.Debug|x64.Build.0 = Debug|Any CPU
		{50877506-0C24-49F7-AAD6-826919E9B66F}.Debug|x86.ActiveCfg = Debug|Any CPU
		{50877506-0C24-49F7-AAD6-826919E9B66F}.Debug|x86.Build.0 = Debug|Any CPU
		{50877506-0C24-49F7-AAD6-826919E9B66F}.Release|Any CPU.ActiveCfg = Release|Any CPU
		{50877506-0C24-49F7-AAD6-826919E9B66F}.Release|Any CPU.Build.0 = Release|Any CPU
		{50877506-0C24-49F7-AAD6-826919E9B66F}.Release|x64.ActiveCfg = Release|Any CPU
		{50877506-0C24-49F7-AAD6-826919E9B66F}.Release|x64.Build.0 = Release|Any CPU
		{50877506-0C24-49F7-AAD6-826919E9B66F}.Release|x86.ActiveCfg = Release|Any CPU
		{50877506-0C24-49F7-AAD6-826919E9B66F}.Release|x86.Build.0 = Release|Any CPU
		{5B47D5C6-7B2B-4258-8283-036C9C6FCB87}.Debug|Any CPU.ActiveCfg = Debug|Any CPU
		{5B47D5C6-7B2B-4258-8283-036C9C6FCB87}.Debug|Any CPU.Build.0 = Debug|Any CPU
		{5B47D5C6-7B2B-4258-8283-036C9C6FCB87}.Debug|x64.ActiveCfg = Debug|Any CPU
		{5B47D5C6-7B2B-4258-8283-036C9C6FCB87}.Debug|x64.Build.0 = Debug|Any CPU
		{5B47D5C6-7B2B-4258-8283-036C9C6FCB87}.Debug|x86.ActiveCfg = Debug|Any CPU
		{5B47D5C6-7B2B-4258-8283-036C9C6FCB87}.Debug|x86.Build.0 = Debug|Any CPU
		{5B47D5C6-7B2B-4258-8283-036C9C6FCB87}.Release|Any CPU.ActiveCfg = Release|Any CPU
		{5B47D5C6-7B2B-4258-8283-036C9C6FCB87}.Release|Any CPU.Build.0 = Release|Any CPU
		{5B47D5C6-7B2B-4258-8283-036C9C6FCB87}.Release|x64.ActiveCfg = Release|Any CPU
		{5B47D5C6-7B2B-4258-8283-036C9C6FCB87}.Release|x64.Build.0 = Release|Any CPU
		{5B47D5C6-7B2B-4258-8283-036C9C6FCB87}.Release|x86.ActiveCfg = Release|Any CPU
		{5B47D5C6-7B2B-4258-8283-036C9C6FCB87}.Release|x86.Build.0 = Release|Any CPU
		{2654D58B-E493-401C-B2CC-352ED998D6BD}.Debug|Any CPU.ActiveCfg = Debug|Any CPU
		{2654D58B-E493-401C-B2CC-352ED998D6BD}.Debug|Any CPU.Build.0 = Debug|Any CPU
		{2654D58B-E493-401C-B2CC-352ED998D6BD}.Debug|x64.ActiveCfg = Debug|Any CPU
		{2654D58B-E493-401C-B2CC-352ED998D6BD}.Debug|x64.Build.0 = Debug|Any CPU
		{2654D58B-E493-401C-B2CC-352ED998D6BD}.Debug|x86.ActiveCfg = Debug|Any CPU
		{2654D58B-E493-401C-B2CC-352ED998D6BD}.Debug|x86.Build.0 = Debug|Any CPU
		{2654D58B-E493-401C-B2CC-352ED998D6BD}.Release|Any CPU.ActiveCfg = Release|Any CPU
		{2654D58B-E493-401C-B2CC-352ED998D6BD}.Release|Any CPU.Build.0 = Release|Any CPU
		{2654D58B-E493-401C-B2CC-352ED998D6BD}.Release|x64.ActiveCfg = Release|Any CPU
		{2654D58B-E493-401C-B2CC-352ED998D6BD}.Release|x64.Build.0 = Release|Any CPU
		{2654D58B-E493-401C-B2CC-352ED998D6BD}.Release|x86.ActiveCfg = Release|Any CPU
		{2654D58B-E493-401C-B2CC-352ED998D6BD}.Release|x86.Build.0 = Release|Any CPU
		{D1465B71-5CD8-4B90-98BC-C7D4C64B4375}.Debug|Any CPU.ActiveCfg = Debug|Any CPU
		{D1465B71-5CD8-4B90-98BC-C7D4C64B4375}.Debug|Any CPU.Build.0 = Debug|Any CPU
		{D1465B71-5CD8-4B90-98BC-C7D4C64B4375}.Debug|x64.ActiveCfg = Debug|Any CPU
		{D1465B71-5CD8-4B90-98BC-C7D4C64B4375}.Debug|x64.Build.0 = Debug|Any CPU
		{D1465B71-5CD8-4B90-98BC-C7D4C64B4375}.Debug|x86.ActiveCfg = Debug|Any CPU
		{D1465B71-5CD8-4B90-98BC-C7D4C64B4375}.Debug|x86.Build.0 = Debug|Any CPU
		{D1465B71-5CD8-4B90-98BC-C7D4C64B4375}.Release|Any CPU.ActiveCfg = Release|Any CPU
		{D1465B71-5CD8-4B90-98BC-C7D4C64B4375}.Release|Any CPU.Build.0 = Release|Any CPU
		{D1465B71-5CD8-4B90-98BC-C7D4C64B4375}.Release|x64.ActiveCfg = Release|Any CPU
		{D1465B71-5CD8-4B90-98BC-C7D4C64B4375}.Release|x64.Build.0 = Release|Any CPU
		{D1465B71-5CD8-4B90-98BC-C7D4C64B4375}.Release|x86.ActiveCfg = Release|Any CPU
		{D1465B71-5CD8-4B90-98BC-C7D4C64B4375}.Release|x86.Build.0 = Release|Any CPU
		{2A163DFD-DA59-4DE8-9001-B0B352CF963A}.Debug|Any CPU.ActiveCfg = Debug|Any CPU
		{2A163DFD-DA59-4DE8-9001-B0B352CF963A}.Debug|Any CPU.Build.0 = Debug|Any CPU
		{2A163DFD-DA59-4DE8-9001-B0B352CF963A}.Debug|x64.ActiveCfg = Debug|Any CPU
		{2A163DFD-DA59-4DE8-9001-B0B352CF963A}.Debug|x64.Build.0 = Debug|Any CPU
		{2A163DFD-DA59-4DE8-9001-B0B352CF963A}.Debug|x86.ActiveCfg = Debug|Any CPU
		{2A163DFD-DA59-4DE8-9001-B0B352CF963A}.Debug|x86.Build.0 = Debug|Any CPU
		{2A163DFD-DA59-4DE8-9001-B0B352CF963A}.Release|Any CPU.ActiveCfg = Release|Any CPU
		{2A163DFD-DA59-4DE8-9001-B0B352CF963A}.Release|Any CPU.Build.0 = Release|Any CPU
		{2A163DFD-DA59-4DE8-9001-B0B352CF963A}.Release|x64.ActiveCfg = Release|Any CPU
		{2A163DFD-DA59-4DE8-9001-B0B352CF963A}.Release|x64.Build.0 = Release|Any CPU
		{2A163DFD-DA59-4DE8-9001-B0B352CF963A}.Release|x86.ActiveCfg = Release|Any CPU
		{2A163DFD-DA59-4DE8-9001-B0B352CF963A}.Release|x86.Build.0 = Release|Any CPU
		{2122F55B-9B75-4329-A4A3-146AA10A1D56}.Debug|Any CPU.ActiveCfg = Debug|Any CPU
		{2122F55B-9B75-4329-A4A3-146AA10A1D56}.Debug|Any CPU.Build.0 = Debug|Any CPU
		{2122F55B-9B75-4329-A4A3-146AA10A1D56}.Debug|x64.ActiveCfg = Debug|Any CPU
		{2122F55B-9B75-4329-A4A3-146AA10A1D56}.Debug|x64.Build.0 = Debug|Any CPU
		{2122F55B-9B75-4329-A4A3-146AA10A1D56}.Debug|x86.ActiveCfg = Debug|Any CPU
		{2122F55B-9B75-4329-A4A3-146AA10A1D56}.Debug|x86.Build.0 = Debug|Any CPU
		{2122F55B-9B75-4329-A4A3-146AA10A1D56}.Release|Any CPU.ActiveCfg = Release|Any CPU
		{2122F55B-9B75-4329-A4A3-146AA10A1D56}.Release|Any CPU.Build.0 = Release|Any CPU
		{2122F55B-9B75-4329-A4A3-146AA10A1D56}.Release|x64.ActiveCfg = Release|Any CPU
		{2122F55B-9B75-4329-A4A3-146AA10A1D56}.Release|x64.Build.0 = Release|Any CPU
		{2122F55B-9B75-4329-A4A3-146AA10A1D56}.Release|x86.ActiveCfg = Release|Any CPU
		{2122F55B-9B75-4329-A4A3-146AA10A1D56}.Release|x86.Build.0 = Release|Any CPU
		{BCCEBFA9-221A-4C4F-AD38-E5DF31B3DA68}.Debug|Any CPU.ActiveCfg = Debug|Any CPU
		{BCCEBFA9-221A-4C4F-AD38-E5DF31B3DA68}.Debug|Any CPU.Build.0 = Debug|Any CPU
		{BCCEBFA9-221A-4C4F-AD38-E5DF31B3DA68}.Debug|x64.ActiveCfg = Debug|Any CPU
		{BCCEBFA9-221A-4C4F-AD38-E5DF31B3DA68}.Debug|x64.Build.0 = Debug|Any CPU
		{BCCEBFA9-221A-4C4F-AD38-E5DF31B3DA68}.Debug|x86.ActiveCfg = Debug|Any CPU
		{BCCEBFA9-221A-4C4F-AD38-E5DF31B3DA68}.Debug|x86.Build.0 = Debug|Any CPU
		{BCCEBFA9-221A-4C4F-AD38-E5DF31B3DA68}.Release|Any CPU.ActiveCfg = Release|Any CPU
		{BCCEBFA9-221A-4C4F-AD38-E5DF31B3DA68}.Release|Any CPU.Build.0 = Release|Any CPU
		{BCCEBFA9-221A-4C4F-AD38-E5DF31B3DA68}.Release|x64.ActiveCfg = Release|Any CPU
		{BCCEBFA9-221A-4C4F-AD38-E5DF31B3DA68}.Release|x64.Build.0 = Release|Any CPU
		{BCCEBFA9-221A-4C4F-AD38-E5DF31B3DA68}.Release|x86.ActiveCfg = Release|Any CPU
		{BCCEBFA9-221A-4C4F-AD38-E5DF31B3DA68}.Release|x86.Build.0 = Release|Any CPU
		{484DB5A9-CC25-41EA-B78E-9859D35291C8}.Debug|Any CPU.ActiveCfg = Debug|Any CPU
		{484DB5A9-CC25-41EA-B78E-9859D35291C8}.Debug|Any CPU.Build.0 = Debug|Any CPU
		{484DB5A9-CC25-41EA-B78E-9859D35291C8}.Debug|x64.ActiveCfg = Debug|Any CPU
		{484DB5A9-CC25-41EA-B78E-9859D35291C8}.Debug|x64.Build.0 = Debug|Any CPU
		{484DB5A9-CC25-41EA-B78E-9859D35291C8}.Debug|x86.ActiveCfg = Debug|Any CPU
		{484DB5A9-CC25-41EA-B78E-9859D35291C8}.Debug|x86.Build.0 = Debug|Any CPU
		{484DB5A9-CC25-41EA-B78E-9859D35291C8}.Release|Any CPU.ActiveCfg = Release|Any CPU
		{484DB5A9-CC25-41EA-B78E-9859D35291C8}.Release|Any CPU.Build.0 = Release|Any CPU
		{484DB5A9-CC25-41EA-B78E-9859D35291C8}.Release|x64.ActiveCfg = Release|Any CPU
		{484DB5A9-CC25-41EA-B78E-9859D35291C8}.Release|x64.Build.0 = Release|Any CPU
		{484DB5A9-CC25-41EA-B78E-9859D35291C8}.Release|x86.ActiveCfg = Release|Any CPU
		{484DB5A9-CC25-41EA-B78E-9859D35291C8}.Release|x86.Build.0 = Release|Any CPU
		{B45A8A5E-48F8-4409-8A32-10487F9B10E5}.Debug|Any CPU.ActiveCfg = Debug|Any CPU
		{B45A8A5E-48F8-4409-8A32-10487F9B10E5}.Debug|Any CPU.Build.0 = Debug|Any CPU
		{B45A8A5E-48F8-4409-8A32-10487F9B10E5}.Debug|x64.ActiveCfg = Debug|Any CPU
		{B45A8A5E-48F8-4409-8A32-10487F9B10E5}.Debug|x64.Build.0 = Debug|Any CPU
		{B45A8A5E-48F8-4409-8A32-10487F9B10E5}.Debug|x86.ActiveCfg = Debug|Any CPU
		{B45A8A5E-48F8-4409-8A32-10487F9B10E5}.Debug|x86.Build.0 = Debug|Any CPU
		{B45A8A5E-48F8-4409-8A32-10487F9B10E5}.Release|Any CPU.ActiveCfg = Release|Any CPU
		{B45A8A5E-48F8-4409-8A32-10487F9B10E5}.Release|Any CPU.Build.0 = Release|Any CPU
		{B45A8A5E-48F8-4409-8A32-10487F9B10E5}.Release|x64.ActiveCfg = Release|Any CPU
		{B45A8A5E-48F8-4409-8A32-10487F9B10E5}.Release|x64.Build.0 = Release|Any CPU
		{B45A8A5E-48F8-4409-8A32-10487F9B10E5}.Release|x86.ActiveCfg = Release|Any CPU
		{B45A8A5E-48F8-4409-8A32-10487F9B10E5}.Release|x86.Build.0 = Release|Any CPU
		{E8F7A6B5-4C3D-2E1F-0A9B-8C7D6E5F4A3B}.Debug|Any CPU.ActiveCfg = Debug|Any CPU
		{E8F7A6B5-4C3D-2E1F-0A9B-8C7D6E5F4A3B}.Debug|Any CPU.Build.0 = Debug|Any CPU
		{E8F7A6B5-4C3D-2E1F-0A9B-8C7D6E5F4A3B}.Debug|x64.ActiveCfg = Debug|Any CPU
		{E8F7A6B5-4C3D-2E1F-0A9B-8C7D6E5F4A3B}.Debug|x64.Build.0 = Debug|Any CPU
		{E8F7A6B5-4C3D-2E1F-0A9B-8C7D6E5F4A3B}.Debug|x86.ActiveCfg = Debug|Any CPU
		{E8F7A6B5-4C3D-2E1F-0A9B-8C7D6E5F4A3B}.Debug|x86.Build.0 = Debug|Any CPU
		{E8F7A6B5-4C3D-2E1F-0A9B-8C7D6E5F4A3B}.Release|Any CPU.ActiveCfg = Release|Any CPU
		{E8F7A6B5-4C3D-2E1F-0A9B-8C7D6E5F4A3B}.Release|Any CPU.Build.0 = Release|Any CPU
		{E8F7A6B5-4C3D-2E1F-0A9B-8C7D6E5F4A3B}.Release|x64.ActiveCfg = Release|Any CPU
		{E8F7A6B5-4C3D-2E1F-0A9B-8C7D6E5F4A3B}.Release|x64.Build.0 = Release|Any CPU
		{E8F7A6B5-4C3D-2E1F-0A9B-8C7D6E5F4A3B}.Release|x86.ActiveCfg = Release|Any CPU
		{E8F7A6B5-4C3D-2E1F-0A9B-8C7D6E5F4A3B}.Release|x86.Build.0 = Release|Any CPU
		{5223D7E2-C08E-4A2B-9EE1-F600CC6D43BE}.Debug|Any CPU.ActiveCfg = Debug|Any CPU
		{5223D7E2-C08E-4A2B-9EE1-F600CC6D43BE}.Debug|Any CPU.Build.0 = Debug|Any CPU
		{5223D7E2-C08E-4A2B-9EE1-F600CC6D43BE}.Debug|x64.ActiveCfg = Debug|Any CPU
		{5223D7E2-C08E-4A2B-9EE1-F600CC6D43BE}.Debug|x64.Build.0 = Debug|Any CPU
		{5223D7E2-C08E-4A2B-9EE1-F600CC6D43BE}.Debug|x86.ActiveCfg = Debug|Any CPU
		{5223D7E2-C08E-4A2B-9EE1-F600CC6D43BE}.Debug|x86.Build.0 = Debug|Any CPU
		{5223D7E2-C08E-4A2B-9EE1-F600CC6D43BE}.Release|Any CPU.ActiveCfg = Release|Any CPU
		{5223D7E2-C08E-4A2B-9EE1-F600CC6D43BE}.Release|Any CPU.Build.0 = Release|Any CPU
		{5223D7E2-C08E-4A2B-9EE1-F600CC6D43BE}.Release|x64.ActiveCfg = Release|Any CPU
		{5223D7E2-C08E-4A2B-9EE1-F600CC6D43BE}.Release|x64.Build.0 = Release|Any CPU
		{5223D7E2-C08E-4A2B-9EE1-F600CC6D43BE}.Release|x86.ActiveCfg = Release|Any CPU
		{5223D7E2-C08E-4A2B-9EE1-F600CC6D43BE}.Release|x86.Build.0 = Release|Any CPU
		{943B6807-2492-4F50-9B7B-E854B87EA9FE}.Debug|Any CPU.ActiveCfg = Debug|Any CPU
		{943B6807-2492-4F50-9B7B-E854B87EA9FE}.Debug|Any CPU.Build.0 = Debug|Any CPU
		{943B6807-2492-4F50-9B7B-E854B87EA9FE}.Debug|x64.ActiveCfg = Debug|Any CPU
		{943B6807-2492-4F50-9B7B-E854B87EA9FE}.Debug|x64.Build.0 = Debug|Any CPU
		{943B6807-2492-4F50-9B7B-E854B87EA9FE}.Debug|x86.ActiveCfg = Debug|Any CPU
		{943B6807-2492-4F50-9B7B-E854B87EA9FE}.Debug|x86.Build.0 = Debug|Any CPU
		{943B6807-2492-4F50-9B7B-E854B87EA9FE}.Release|Any CPU.ActiveCfg = Release|Any CPU
		{943B6807-2492-4F50-9B7B-E854B87EA9FE}.Release|Any CPU.Build.0 = Release|Any CPU
		{943B6807-2492-4F50-9B7B-E854B87EA9FE}.Release|x64.ActiveCfg = Release|Any CPU
		{943B6807-2492-4F50-9B7B-E854B87EA9FE}.Release|x64.Build.0 = Release|Any CPU
		{943B6807-2492-4F50-9B7B-E854B87EA9FE}.Release|x86.ActiveCfg = Release|Any CPU
		{943B6807-2492-4F50-9B7B-E854B87EA9FE}.Release|x86.Build.0 = Release|Any CPU
		{1ADF6862-E2DF-4A81-A5D5-AAE7DD194272}.Debug|Any CPU.ActiveCfg = Debug|Any CPU
		{1ADF6862-E2DF-4A81-A5D5-AAE7DD194272}.Debug|Any CPU.Build.0 = Debug|Any CPU
		{1ADF6862-E2DF-4A81-A5D5-AAE7DD194272}.Debug|x64.ActiveCfg = Debug|Any CPU
		{1ADF6862-E2DF-4A81-A5D5-AAE7DD194272}.Debug|x64.Build.0 = Debug|Any CPU
		{1ADF6862-E2DF-4A81-A5D5-AAE7DD194272}.Debug|x86.ActiveCfg = Debug|Any CPU
		{1ADF6862-E2DF-4A81-A5D5-AAE7DD194272}.Debug|x86.Build.0 = Debug|Any CPU
		{1ADF6862-E2DF-4A81-A5D5-AAE7DD194272}.Release|Any CPU.ActiveCfg = Release|Any CPU
		{1ADF6862-E2DF-4A81-A5D5-AAE7DD194272}.Release|Any CPU.Build.0 = Release|Any CPU
		{1ADF6862-E2DF-4A81-A5D5-AAE7DD194272}.Release|x64.ActiveCfg = Release|Any CPU
		{1ADF6862-E2DF-4A81-A5D5-AAE7DD194272}.Release|x64.Build.0 = Release|Any CPU
		{1ADF6862-E2DF-4A81-A5D5-AAE7DD194272}.Release|x86.ActiveCfg = Release|Any CPU
		{1ADF6862-E2DF-4A81-A5D5-AAE7DD194272}.Release|x86.Build.0 = Release|Any CPU
		{68C0CF92-CDFF-4125-B94A-46CFDF6DB4ED}.Debug|Any CPU.ActiveCfg = Debug|Any CPU
		{68C0CF92-CDFF-4125-B94A-46CFDF6DB4ED}.Debug|Any CPU.Build.0 = Debug|Any CPU
		{68C0CF92-CDFF-4125-B94A-46CFDF6DB4ED}.Debug|x64.ActiveCfg = Debug|Any CPU
		{68C0CF92-CDFF-4125-B94A-46CFDF6DB4ED}.Debug|x64.Build.0 = Debug|Any CPU
		{68C0CF92-CDFF-4125-B94A-46CFDF6DB4ED}.Debug|x86.ActiveCfg = Debug|Any CPU
		{68C0CF92-CDFF-4125-B94A-46CFDF6DB4ED}.Debug|x86.Build.0 = Debug|Any CPU
		{68C0CF92-CDFF-4125-B94A-46CFDF6DB4ED}.Release|Any CPU.ActiveCfg = Release|Any CPU
		{68C0CF92-CDFF-4125-B94A-46CFDF6DB4ED}.Release|Any CPU.Build.0 = Release|Any CPU
		{68C0CF92-CDFF-4125-B94A-46CFDF6DB4ED}.Release|x64.ActiveCfg = Release|Any CPU
		{68C0CF92-CDFF-4125-B94A-46CFDF6DB4ED}.Release|x64.Build.0 = Release|Any CPU
		{68C0CF92-CDFF-4125-B94A-46CFDF6DB4ED}.Release|x86.ActiveCfg = Release|Any CPU
		{68C0CF92-CDFF-4125-B94A-46CFDF6DB4ED}.Release|x86.Build.0 = Release|Any CPU
		{E825AC1F-DBFC-417B-A1F3-9AA6BF499821}.Debug|Any CPU.ActiveCfg = Debug|Any CPU
		{E825AC1F-DBFC-417B-A1F3-9AA6BF499821}.Debug|Any CPU.Build.0 = Debug|Any CPU
		{E825AC1F-DBFC-417B-A1F3-9AA6BF499821}.Debug|x64.ActiveCfg = Debug|Any CPU
		{E825AC1F-DBFC-417B-A1F3-9AA6BF499821}.Debug|x64.Build.0 = Debug|Any CPU
		{E825AC1F-DBFC-417B-A1F3-9AA6BF499821}.Debug|x86.ActiveCfg = Debug|Any CPU
		{E825AC1F-DBFC-417B-A1F3-9AA6BF499821}.Debug|x86.Build.0 = Debug|Any CPU
		{E825AC1F-DBFC-417B-A1F3-9AA6BF499821}.Release|Any CPU.ActiveCfg = Release|Any CPU
		{E825AC1F-DBFC-417B-A1F3-9AA6BF499821}.Release|Any CPU.Build.0 = Release|Any CPU
		{E825AC1F-DBFC-417B-A1F3-9AA6BF499821}.Release|x64.ActiveCfg = Release|Any CPU
		{E825AC1F-DBFC-417B-A1F3-9AA6BF499821}.Release|x64.Build.0 = Release|Any CPU
		{E825AC1F-DBFC-417B-A1F3-9AA6BF499821}.Release|x86.ActiveCfg = Release|Any CPU
		{E825AC1F-DBFC-417B-A1F3-9AA6BF499821}.Release|x86.Build.0 = Release|Any CPU
		{20D16EC0-269F-4911-B552-DECEB20E3C0E}.Debug|Any CPU.ActiveCfg = Debug|Any CPU
		{20D16EC0-269F-4911-B552-DECEB20E3C0E}.Debug|Any CPU.Build.0 = Debug|Any CPU
		{20D16EC0-269F-4911-B552-DECEB20E3C0E}.Debug|x64.ActiveCfg = Debug|Any CPU
		{20D16EC0-269F-4911-B552-DECEB20E3C0E}.Debug|x64.Build.0 = Debug|Any CPU
		{20D16EC0-269F-4911-B552-DECEB20E3C0E}.Debug|x86.ActiveCfg = Debug|Any CPU
		{20D16EC0-269F-4911-B552-DECEB20E3C0E}.Debug|x86.Build.0 = Debug|Any CPU
		{20D16EC0-269F-4911-B552-DECEB20E3C0E}.Release|Any CPU.ActiveCfg = Release|Any CPU
		{20D16EC0-269F-4911-B552-DECEB20E3C0E}.Release|Any CPU.Build.0 = Release|Any CPU
		{20D16EC0-269F-4911-B552-DECEB20E3C0E}.Release|x64.ActiveCfg = Release|Any CPU
		{20D16EC0-269F-4911-B552-DECEB20E3C0E}.Release|x64.Build.0 = Release|Any CPU
		{20D16EC0-269F-4911-B552-DECEB20E3C0E}.Release|x86.ActiveCfg = Release|Any CPU
		{20D16EC0-269F-4911-B552-DECEB20E3C0E}.Release|x86.Build.0 = Release|Any CPU
		{D3B94255-1547-42B1-A9A4-E0BFA3B5D2B0}.Debug|Any CPU.ActiveCfg = Debug|Any CPU
		{D3B94255-1547-42B1-A9A4-E0BFA3B5D2B0}.Debug|Any CPU.Build.0 = Debug|Any CPU
		{D3B94255-1547-42B1-A9A4-E0BFA3B5D2B0}.Debug|x64.ActiveCfg = Debug|Any CPU
		{D3B94255-1547-42B1-A9A4-E0BFA3B5D2B0}.Debug|x64.Build.0 = Debug|Any CPU
		{D3B94255-1547-42B1-A9A4-E0BFA3B5D2B0}.Debug|x86.ActiveCfg = Debug|Any CPU
		{D3B94255-1547-42B1-A9A4-E0BFA3B5D2B0}.Debug|x86.Build.0 = Debug|Any CPU
		{D3B94255-1547-42B1-A9A4-E0BFA3B5D2B0}.Release|Any CPU.ActiveCfg = Release|Any CPU
		{D3B94255-1547-42B1-A9A4-E0BFA3B5D2B0}.Release|Any CPU.Build.0 = Release|Any CPU
		{D3B94255-1547-42B1-A9A4-E0BFA3B5D2B0}.Release|x64.ActiveCfg = Release|Any CPU
		{D3B94255-1547-42B1-A9A4-E0BFA3B5D2B0}.Release|x64.Build.0 = Release|Any CPU
		{D3B94255-1547-42B1-A9A4-E0BFA3B5D2B0}.Release|x86.ActiveCfg = Release|Any CPU
		{D3B94255-1547-42B1-A9A4-E0BFA3B5D2B0}.Release|x86.Build.0 = Release|Any CPU
		{E67C8A18-716E-46C2-B0BB-4AD35452AA22}.Debug|Any CPU.ActiveCfg = Debug|Any CPU
		{E67C8A18-716E-46C2-B0BB-4AD35452AA22}.Debug|Any CPU.Build.0 = Debug|Any CPU
		{E67C8A18-716E-46C2-B0BB-4AD35452AA22}.Debug|x64.ActiveCfg = Debug|Any CPU
		{E67C8A18-716E-46C2-B0BB-4AD35452AA22}.Debug|x64.Build.0 = Debug|Any CPU
		{E67C8A18-716E-46C2-B0BB-4AD35452AA22}.Debug|x86.ActiveCfg = Debug|Any CPU
		{E67C8A18-716E-46C2-B0BB-4AD35452AA22}.Debug|x86.Build.0 = Debug|Any CPU
		{E67C8A18-716E-46C2-B0BB-4AD35452AA22}.Release|Any CPU.ActiveCfg = Release|Any CPU
		{E67C8A18-716E-46C2-B0BB-4AD35452AA22}.Release|Any CPU.Build.0 = Release|Any CPU
		{E67C8A18-716E-46C2-B0BB-4AD35452AA22}.Release|x64.ActiveCfg = Release|Any CPU
		{E67C8A18-716E-46C2-B0BB-4AD35452AA22}.Release|x64.Build.0 = Release|Any CPU
		{E67C8A18-716E-46C2-B0BB-4AD35452AA22}.Release|x86.ActiveCfg = Release|Any CPU
		{E67C8A18-716E-46C2-B0BB-4AD35452AA22}.Release|x86.Build.0 = Release|Any CPU
		{43F316E6-94CE-460E-9312-30811251FAFC}.Debug|Any CPU.ActiveCfg = Debug|Any CPU
		{43F316E6-94CE-460E-9312-30811251FAFC}.Debug|Any CPU.Build.0 = Debug|Any CPU
		{43F316E6-94CE-460E-9312-30811251FAFC}.Debug|x64.ActiveCfg = Debug|Any CPU
		{43F316E6-94CE-460E-9312-30811251FAFC}.Debug|x64.Build.0 = Debug|Any CPU
		{43F316E6-94CE-460E-9312-30811251FAFC}.Debug|x86.ActiveCfg = Debug|Any CPU
		{43F316E6-94CE-460E-9312-30811251FAFC}.Debug|x86.Build.0 = Debug|Any CPU
		{43F316E6-94CE-460E-9312-30811251FAFC}.Release|Any CPU.ActiveCfg = Release|Any CPU
		{43F316E6-94CE-460E-9312-30811251FAFC}.Release|Any CPU.Build.0 = Release|Any CPU
		{43F316E6-94CE-460E-9312-30811251FAFC}.Release|x64.ActiveCfg = Release|Any CPU
		{43F316E6-94CE-460E-9312-30811251FAFC}.Release|x64.Build.0 = Release|Any CPU
		{43F316E6-94CE-460E-9312-30811251FAFC}.Release|x86.ActiveCfg = Release|Any CPU
		{43F316E6-94CE-460E-9312-30811251FAFC}.Release|x86.Build.0 = Release|Any CPU
		{1C2E3F40-A5B6-47C8-D9E0-1F2A3B4C5D6E}.Debug|Any CPU.ActiveCfg = Debug|Any CPU
		{1C2E3F40-A5B6-47C8-D9E0-1F2A3B4C5D6E}.Debug|Any CPU.Build.0 = Debug|Any CPU
		{1C2E3F40-A5B6-47C8-D9E0-1F2A3B4C5D6E}.Debug|x64.ActiveCfg = Debug|Any CPU
		{1C2E3F40-A5B6-47C8-D9E0-1F2A3B4C5D6E}.Debug|x64.Build.0 = Debug|Any CPU
		{1C2E3F40-A5B6-47C8-D9E0-1F2A3B4C5D6E}.Debug|x86.ActiveCfg = Debug|Any CPU
		{1C2E3F40-A5B6-47C8-D9E0-1F2A3B4C5D6E}.Debug|x86.Build.0 = Debug|Any CPU
		{1C2E3F40-A5B6-47C8-D9E0-1F2A3B4C5D6E}.Release|Any CPU.ActiveCfg = Release|Any CPU
		{1C2E3F40-A5B6-47C8-D9E0-1F2A3B4C5D6E}.Release|Any CPU.Build.0 = Release|Any CPU
		{1C2E3F40-A5B6-47C8-D9E0-1F2A3B4C5D6E}.Release|x64.ActiveCfg = Release|Any CPU
		{1C2E3F40-A5B6-47C8-D9E0-1F2A3B4C5D6E}.Release|x64.Build.0 = Release|Any CPU
		{1C2E3F40-A5B6-47C8-D9E0-1F2A3B4C5D6E}.Release|x86.ActiveCfg = Release|Any CPU
		{1C2E3F40-A5B6-47C8-D9E0-1F2A3B4C5D6E}.Release|x86.Build.0 = Release|Any CPU
		{2D3E4F50-B6C7-48D9-EA01-2F3A4B5C6D7E}.Debug|Any CPU.ActiveCfg = Debug|Any CPU
		{2D3E4F50-B6C7-48D9-EA01-2F3A4B5C6D7E}.Debug|Any CPU.Build.0 = Debug|Any CPU
		{2D3E4F50-B6C7-48D9-EA01-2F3A4B5C6D7E}.Debug|x64.ActiveCfg = Debug|Any CPU
		{2D3E4F50-B6C7-48D9-EA01-2F3A4B5C6D7E}.Debug|x64.Build.0 = Debug|Any CPU
		{2D3E4F50-B6C7-48D9-EA01-2F3A4B5C6D7E}.Debug|x86.ActiveCfg = Debug|Any CPU
		{2D3E4F50-B6C7-48D9-EA01-2F3A4B5C6D7E}.Debug|x86.Build.0 = Debug|Any CPU
		{2D3E4F50-B6C7-48D9-EA01-2F3A4B5C6D7E}.Release|Any CPU.ActiveCfg = Release|Any CPU
		{2D3E4F50-B6C7-48D9-EA01-2F3A4B5C6D7E}.Release|Any CPU.Build.0 = Release|Any CPU
		{2D3E4F50-B6C7-48D9-EA01-2F3A4B5C6D7E}.Release|x64.ActiveCfg = Release|Any CPU
		{2D3E4F50-B6C7-48D9-EA01-2F3A4B5C6D7E}.Release|x64.Build.0 = Release|Any CPU
		{2D3E4F50-B6C7-48D9-EA01-2F3A4B5C6D7E}.Release|x86.ActiveCfg = Release|Any CPU
		{2D3E4F50-B6C7-48D9-EA01-2F3A4B5C6D7E}.Release|x86.Build.0 = Release|Any CPU
	EndGlobalSection
	GlobalSection(SolutionProperties) = preSolution
		HideSolutionNode = FALSE
	EndGlobalSection
	GlobalSection(NestedProjects) = preSolution
		{68C0CF92-CDFF-4125-B94A-46CFDF6DB4ED} = {07C2787E-EAC7-C090-1BA3-A61EC2A24D84}
		{D3B94255-1547-42B1-A9A4-E0BFA3B5D2B0} = {07C2787E-EAC7-C090-1BA3-A61EC2A24D84}
	EndGlobalSection
	GlobalSection(ExtensibilityGlobals) = postSolution
		SolutionGuid = {7C45A3E0-A964-46F6-AF24-E40A92D1D8DD}
	EndGlobalSection
EndGlobal
